// !$*UTF8*$!
{
	archiveVersion = 1;
	classes = {
	};
	objectVersion = 56;
	objects = {

/* Begin PBXBuildFile section */
		EA7726372BC5B6B3005A194D /* AppDelegate.swift in Sources */ = {isa = PBXBuildFile; fileRef = EA7726362BC5B6B3005A194D /* AppDelegate.swift */; };
		EA7726392BC5B6B3005A194D /* SceneDelegate.swift in Sources */ = {isa = PBXBuildFile; fileRef = EA7726382BC5B6B3005A194D /* SceneDelegate.swift */; };
		EA77263C2BC5B6B3005A194D /* Base in Resources */ = {isa = PBXBuildFile; fileRef = EA77263B2BC5B6B3005A194D /* Base */; };
		EA77263F2BC5B6B3005A194D /* Base in Resources */ = {isa = PBXBuildFile; fileRef = EA77263E2BC5B6B3005A194D /* Base */; };
		EA7726482BC5B6B3005A194D /* AppDelegate.swift in Sources */ = {isa = PBXBuildFile; fileRef = EA7726472BC5B6B3005A194D /* AppDelegate.swift */; };
		EA77264B2BC5B6B3005A194D /* Base in Resources */ = {isa = PBXBuildFile; fileRef = EA77264A2BC5B6B3005A194D /* Base */; };
		EA7726522BC5B6B3005A194D /* eisonAI Extension.appex in Embed Foundation Extensions */ = {isa = PBXBuildFile; fileRef = EA7726512BC5B6B3005A194D /* eisonAI Extension.appex */; settings = {ATTRIBUTES = (RemoveHeadersOnCopy, ); }; };
		EA77265C2BC5B6B3005A194D /* eisonAI Extension.appex in Embed Foundation Extensions */ = {isa = PBXBuildFile; fileRef = EA77265B2BC5B6B3005A194D /* eisonAI Extension.appex */; settings = {ATTRIBUTES = (RemoveHeadersOnCopy, ); }; };
		EA7726622BC5B6B3005A194D /* Base in Resources */ = {isa = PBXBuildFile; fileRef = EA77261E2BC5B6B2005A194D /* Base */; };
		EA7726632BC5B6B3005A194D /* Base in Resources */ = {isa = PBXBuildFile; fileRef = EA77261E2BC5B6B2005A194D /* Base */; };
		EA7726642BC5B6B3005A194D /* Icon.png in Resources */ = {isa = PBXBuildFile; fileRef = EA77261F2BC5B6B2005A194D /* Icon.png */; };
		EA7726652BC5B6B3005A194D /* Icon.png in Resources */ = {isa = PBXBuildFile; fileRef = EA77261F2BC5B6B2005A194D /* Icon.png */; };
		EA7726662BC5B6B3005A194D /* Style.css in Resources */ = {isa = PBXBuildFile; fileRef = EA7726202BC5B6B2005A194D /* Style.css */; };
		EA7726672BC5B6B3005A194D /* Style.css in Resources */ = {isa = PBXBuildFile; fileRef = EA7726202BC5B6B2005A194D /* Style.css */; };
		EA7726682BC5B6B3005A194D /* Script.js in Resources */ = {isa = PBXBuildFile; fileRef = EA7726212BC5B6B2005A194D /* Script.js */; };
		EA7726692BC5B6B3005A194D /* Script.js in Resources */ = {isa = PBXBuildFile; fileRef = EA7726212BC5B6B2005A194D /* Script.js */; };
		EA77266A2BC5B6B3005A194D /* ViewController.swift in Sources */ = {isa = PBXBuildFile; fileRef = EA7726222BC5B6B2005A194D /* ViewController.swift */; };
		EA77266B2BC5B6B3005A194D /* ViewController.swift in Sources */ = {isa = PBXBuildFile; fileRef = EA7726222BC5B6B2005A194D /* ViewController.swift */; };
		EA77266C2BC5B6B3005A194D /* Assets.xcassets in Resources */ = {isa = PBXBuildFile; fileRef = EA7726232BC5B6B3005A194D /* Assets.xcassets */; };
		EA77266D2BC5B6B3005A194D /* Assets.xcassets in Resources */ = {isa = PBXBuildFile; fileRef = EA7726232BC5B6B3005A194D /* Assets.xcassets */; };
		EA77266E2BC5B6B3005A194D /* SafariWebExtensionHandler.swift in Sources */ = {isa = PBXBuildFile; fileRef = EA7726252BC5B6B3005A194D /* SafariWebExtensionHandler.swift */; };
		EA77266F2BC5B6B3005A194D /* SafariWebExtensionHandler.swift in Sources */ = {isa = PBXBuildFile; fileRef = EA7726252BC5B6B3005A194D /* SafariWebExtensionHandler.swift */; };
		EA7726702BC5B6B3005A194D /* _locales in Resources */ = {isa = PBXBuildFile; fileRef = EA7726272BC5B6B3005A194D /* _locales */; };
		EA7726712BC5B6B3005A194D /* _locales in Resources */ = {isa = PBXBuildFile; fileRef = EA7726272BC5B6B3005A194D /* _locales */; };
		EA7726722BC5B6B3005A194D /* images in Resources */ = {isa = PBXBuildFile; fileRef = EA7726282BC5B6B3005A194D /* images */; };
		EA7726732BC5B6B3005A194D /* images in Resources */ = {isa = PBXBuildFile; fileRef = EA7726282BC5B6B3005A194D /* images */; };
		EA7726742BC5B6B3005A194D /* manifest.json in Resources */ = {isa = PBXBuildFile; fileRef = EA7726292BC5B6B3005A194D /* manifest.json */; };
		EA7726752BC5B6B3005A194D /* manifest.json in Resources */ = {isa = PBXBuildFile; fileRef = EA7726292BC5B6B3005A194D /* manifest.json */; };
		EA7726762BC5B6B3005A194D /* background.js in Resources */ = {isa = PBXBuildFile; fileRef = EA77262A2BC5B6B3005A194D /* background.js */; };
		EA7726772BC5B6B3005A194D /* background.js in Resources */ = {isa = PBXBuildFile; fileRef = EA77262A2BC5B6B3005A194D /* background.js */; };
		EA7726782BC5B6B3005A194D /* content.js in Resources */ = {isa = PBXBuildFile; fileRef = EA77262B2BC5B6B3005A194D /* content.js */; };
		EA7726792BC5B6B3005A194D /* content.js in Resources */ = {isa = PBXBuildFile; fileRef = EA77262B2BC5B6B3005A194D /* content.js */; };
		EA77267A2BC5B6B3005A194D /* popup.html in Resources */ = {isa = PBXBuildFile; fileRef = EA77262C2BC5B6B3005A194D /* popup.html */; };
		EA77267B2BC5B6B3005A194D /* popup.html in Resources */ = {isa = PBXBuildFile; fileRef = EA77262C2BC5B6B3005A194D /* popup.html */; };
		EA77267C2BC5B6B3005A194D /* popup.css in Resources */ = {isa = PBXBuildFile; fileRef = EA77262D2BC5B6B3005A194D /* popup.css */; };
		EA77267D2BC5B6B3005A194D /* popup.css in Resources */ = {isa = PBXBuildFile; fileRef = EA77262D2BC5B6B3005A194D /* popup.css */; };
		EA77267E2BC5B6B3005A194D /* popup.js in Resources */ = {isa = PBXBuildFile; fileRef = EA77262E2BC5B6B3005A194D /* popup.js */; };
		EA77267F2BC5B6B3005A194D /* popup.js in Resources */ = {isa = PBXBuildFile; fileRef = EA77262E2BC5B6B3005A194D /* popup.js */; };
		EA77269F2BC5B71D005A194D /* settings.html in Resources */ = {isa = PBXBuildFile; fileRef = EA77269A2BC5B71D005A194D /* settings.html */; };
		EA7726A02BC5B71D005A194D /* settings.html in Resources */ = {isa = PBXBuildFile; fileRef = EA77269A2BC5B71D005A194D /* settings.html */; };
		EA7726A12BC5B71D005A194D /* settings.js in Resources */ = {isa = PBXBuildFile; fileRef = EA77269B2BC5B71D005A194D /* settings.js */; };
		EA7726A22BC5B71D005A194D /* settings.js in Resources */ = {isa = PBXBuildFile; fileRef = EA77269B2BC5B71D005A194D /* settings.js */; };
		EA7726A32BC5B71D005A194D /* readability.css in Resources */ = {isa = PBXBuildFile; fileRef = EA77269C2BC5B71D005A194D /* readability.css */; };
		EA7726A42BC5B71D005A194D /* readability.css in Resources */ = {isa = PBXBuildFile; fileRef = EA77269C2BC5B71D005A194D /* readability.css */; };
		EA7726A92BC5B91D005A194D /* contentGPT.js in Resources */ = {isa = PBXBuildFile; fileRef = EA7726A52BC5B91C005A194D /* contentGPT.js */; };
		EA7726AA2BC5B91D005A194D /* contentGPT.js in Resources */ = {isa = PBXBuildFile; fileRef = EA7726A52BC5B91C005A194D /* contentGPT.js */; };
		EA7726AB2BC5B91D005A194D /* contentReadability.js in Resources */ = {isa = PBXBuildFile; fileRef = EA7726A62BC5B91C005A194D /* contentReadability.js */; };
		EA7726AC2BC5B91D005A194D /* contentReadability.js in Resources */ = {isa = PBXBuildFile; fileRef = EA7726A62BC5B91C005A194D /* contentReadability.js */; };
		EA7726AD2BC5B91D005A194D /* contentLoadingGIF.js in Resources */ = {isa = PBXBuildFile; fileRef = EA7726A72BC5B91C005A194D /* contentLoadingGIF.js */; };
		EA7726AE2BC5B91D005A194D /* contentLoadingGIF.js in Resources */ = {isa = PBXBuildFile; fileRef = EA7726A72BC5B91C005A194D /* contentLoadingGIF.js */; };
		EA7726AF2BC5B91D005A194D /* contentMarked.js in Resources */ = {isa = PBXBuildFile; fileRef = EA7726A82BC5B91C005A194D /* contentMarked.js */; };
		EA7726B02BC5B91D005A194D /* contentMarked.js in Resources */ = {isa = PBXBuildFile; fileRef = EA7726A82BC5B91C005A194D /* contentMarked.js */; };
/* End PBXBuildFile section */

/* Begin PBXContainerItemProxy section */
		EA7726532BC5B6B3005A194D /* PBXContainerItemProxy */ = {
			isa = PBXContainerItemProxy;
			containerPortal = EA7726172BC5B6B2005A194D /* Project object */;
			proxyType = 1;
			remoteGlobalIDString = EA7726502BC5B6B3005A194D;
			remoteInfo = "eisonAI Extension (iOS)";
		};
		EA77265D2BC5B6B3005A194D /* PBXContainerItemProxy */ = {
			isa = PBXContainerItemProxy;
			containerPortal = EA7726172BC5B6B2005A194D /* Project object */;
			proxyType = 1;
			remoteGlobalIDString = EA77265A2BC5B6B3005A194D;
			remoteInfo = "eisonAI Extension (macOS)";
		};
/* End PBXContainerItemProxy section */

/* Begin PBXCopyFilesBuildPhase section */
		EA7726852BC5B6B3005A194D /* Embed Foundation Extensions */ = {
			isa = PBXCopyFilesBuildPhase;
			buildActionMask = 2147483647;
			dstPath = "";
			dstSubfolderSpec = 13;
			files = (
				EA7726522BC5B6B3005A194D /* eisonAI Extension.appex in Embed Foundation Extensions */,
			);
			name = "Embed Foundation Extensions";
			runOnlyForDeploymentPostprocessing = 0;
		};
		EA77268C2BC5B6B3005A194D /* Embed Foundation Extensions */ = {
			isa = PBXCopyFilesBuildPhase;
			buildActionMask = 2147483647;
			dstPath = "";
			dstSubfolderSpec = 13;
			files = (
				EA77265C2BC5B6B3005A194D /* eisonAI Extension.appex in Embed Foundation Extensions */,
			);
			name = "Embed Foundation Extensions";
			runOnlyForDeploymentPostprocessing = 0;
		};
/* End PBXCopyFilesBuildPhase section */

/* Begin PBXFileReference section */
		EA77261E2BC5B6B2005A194D /* Base */ = {isa = PBXFileReference; lastKnownFileType = text.html; name = Base; path = ../Base.lproj/Main.html; sourceTree = "<group>"; };
		EA77261F2BC5B6B2005A194D /* Icon.png */ = {isa = PBXFileReference; lastKnownFileType = image.png; path = Icon.png; sourceTree = "<group>"; };
		EA7726202BC5B6B2005A194D /* Style.css */ = {isa = PBXFileReference; lastKnownFileType = text.css; path = Style.css; sourceTree = "<group>"; };
		EA7726212BC5B6B2005A194D /* Script.js */ = {isa = PBXFileReference; lastKnownFileType = sourcecode.javascript; path = Script.js; sourceTree = "<group>"; };
		EA7726222BC5B6B2005A194D /* ViewController.swift */ = {isa = PBXFileReference; lastKnownFileType = sourcecode.swift; path = ViewController.swift; sourceTree = "<group>"; };
		EA7726232BC5B6B3005A194D /* Assets.xcassets */ = {isa = PBXFileReference; lastKnownFileType = folder.assetcatalog; path = Assets.xcassets; sourceTree = "<group>"; };
		EA7726252BC5B6B3005A194D /* SafariWebExtensionHandler.swift */ = {isa = PBXFileReference; lastKnownFileType = sourcecode.swift; path = SafariWebExtensionHandler.swift; sourceTree = "<group>"; };
		EA7726272BC5B6B3005A194D /* _locales */ = {isa = PBXFileReference; lastKnownFileType = folder; path = _locales; sourceTree = "<group>"; };
		EA7726282BC5B6B3005A194D /* images */ = {isa = PBXFileReference; lastKnownFileType = folder; path = images; sourceTree = "<group>"; };
		EA7726292BC5B6B3005A194D /* manifest.json */ = {isa = PBXFileReference; lastKnownFileType = text.json; path = manifest.json; sourceTree = "<group>"; };
		EA77262A2BC5B6B3005A194D /* background.js */ = {isa = PBXFileReference; lastKnownFileType = sourcecode.javascript; path = background.js; sourceTree = "<group>"; };
		EA77262B2BC5B6B3005A194D /* content.js */ = {isa = PBXFileReference; lastKnownFileType = sourcecode.javascript; path = content.js; sourceTree = "<group>"; };
		EA77262C2BC5B6B3005A194D /* popup.html */ = {isa = PBXFileReference; lastKnownFileType = text.html; path = popup.html; sourceTree = "<group>"; };
		EA77262D2BC5B6B3005A194D /* popup.css */ = {isa = PBXFileReference; lastKnownFileType = text.css; path = popup.css; sourceTree = "<group>"; };
		EA77262E2BC5B6B3005A194D /* popup.js */ = {isa = PBXFileReference; lastKnownFileType = sourcecode.javascript; path = popup.js; sourceTree = "<group>"; };
		EA7726332BC5B6B3005A194D /* eisonAI.app */ = {isa = PBXFileReference; explicitFileType = wrapper.application; includeInIndex = 0; path = eisonAI.app; sourceTree = BUILT_PRODUCTS_DIR; };
		EA7726362BC5B6B3005A194D /* AppDelegate.swift */ = {isa = PBXFileReference; lastKnownFileType = sourcecode.swift; path = AppDelegate.swift; sourceTree = "<group>"; };
		EA7726382BC5B6B3005A194D /* SceneDelegate.swift */ = {isa = PBXFileReference; lastKnownFileType = sourcecode.swift; path = SceneDelegate.swift; sourceTree = "<group>"; };
		EA77263B2BC5B6B3005A194D /* Base */ = {isa = PBXFileReference; lastKnownFileType = file.storyboard; name = Base; path = Base.lproj/LaunchScreen.storyboard; sourceTree = "<group>"; };
		EA77263E2BC5B6B3005A194D /* Base */ = {isa = PBXFileReference; lastKnownFileType = file.storyboard; name = Base; path = Base.lproj/Main.storyboard; sourceTree = "<group>"; };
		EA7726402BC5B6B3005A194D /* Info.plist */ = {isa = PBXFileReference; lastKnownFileType = text.plist.xml; path = Info.plist; sourceTree = "<group>"; };
		EA7726452BC5B6B3005A194D /* eisonAI.app */ = {isa = PBXFileReference; explicitFileType = wrapper.application; includeInIndex = 0; path = eisonAI.app; sourceTree = BUILT_PRODUCTS_DIR; };
		EA7726472BC5B6B3005A194D /* AppDelegate.swift */ = {isa = PBXFileReference; lastKnownFileType = sourcecode.swift; path = AppDelegate.swift; sourceTree = "<group>"; };
		EA77264A2BC5B6B3005A194D /* Base */ = {isa = PBXFileReference; lastKnownFileType = file.storyboard; name = Base; path = Base.lproj/Main.storyboard; sourceTree = "<group>"; };
		EA77264C2BC5B6B3005A194D /* eisonAI.entitlements */ = {isa = PBXFileReference; lastKnownFileType = text.plist.entitlements; path = eisonAI.entitlements; sourceTree = "<group>"; };
		EA7726512BC5B6B3005A194D /* eisonAI Extension.appex */ = {isa = PBXFileReference; explicitFileType = "wrapper.app-extension"; includeInIndex = 0; path = "eisonAI Extension.appex"; sourceTree = BUILT_PRODUCTS_DIR; };
		EA7726562BC5B6B3005A194D /* Info.plist */ = {isa = PBXFileReference; lastKnownFileType = text.plist.xml; path = Info.plist; sourceTree = "<group>"; };
		EA77265B2BC5B6B3005A194D /* eisonAI Extension.appex */ = {isa = PBXFileReference; explicitFileType = "wrapper.app-extension"; includeInIndex = 0; path = "eisonAI Extension.appex"; sourceTree = BUILT_PRODUCTS_DIR; };
		EA7726602BC5B6B3005A194D /* Info.plist */ = {isa = PBXFileReference; lastKnownFileType = text.plist.xml; path = Info.plist; sourceTree = "<group>"; };
		EA7726612BC5B6B3005A194D /* eisonAI.entitlements */ = {isa = PBXFileReference; lastKnownFileType = text.plist.entitlements; path = eisonAI.entitlements; sourceTree = "<group>"; };
		EA77269A2BC5B71D005A194D /* settings.html */ = {isa = PBXFileReference; fileEncoding = 4; lastKnownFileType = text.html; path = settings.html; sourceTree = "<group>"; };
		EA77269B2BC5B71D005A194D /* settings.js */ = {isa = PBXFileReference; fileEncoding = 4; lastKnownFileType = sourcecode.javascript; path = settings.js; sourceTree = "<group>"; };
		EA77269C2BC5B71D005A194D /* readability.css */ = {isa = PBXFileReference; fileEncoding = 4; lastKnownFileType = text.css; path = readability.css; sourceTree = "<group>"; };
		EA7726A52BC5B91C005A194D /* contentGPT.js */ = {isa = PBXFileReference; fileEncoding = 4; lastKnownFileType = sourcecode.javascript; path = contentGPT.js; sourceTree = "<group>"; };
		EA7726A62BC5B91C005A194D /* contentReadability.js */ = {isa = PBXFileReference; fileEncoding = 4; lastKnownFileType = sourcecode.javascript; path = contentReadability.js; sourceTree = "<group>"; };
		EA7726A72BC5B91C005A194D /* contentLoadingGIF.js */ = {isa = PBXFileReference; fileEncoding = 4; lastKnownFileType = sourcecode.javascript; path = contentLoadingGIF.js; sourceTree = "<group>"; };
		EA7726A82BC5B91C005A194D /* contentMarked.js */ = {isa = PBXFileReference; fileEncoding = 4; lastKnownFileType = sourcecode.javascript; path = contentMarked.js; sourceTree = "<group>"; };
/* End PBXFileReference section */

/* Begin PBXFrameworksBuildPhase section */
		EA7726302BC5B6B3005A194D /* Frameworks */ = {
			isa = PBXFrameworksBuildPhase;
			buildActionMask = 2147483647;
			files = (
			);
			runOnlyForDeploymentPostprocessing = 0;
		};
		EA7726422BC5B6B3005A194D /* Frameworks */ = {
			isa = PBXFrameworksBuildPhase;
			buildActionMask = 2147483647;
			files = (
			);
			runOnlyForDeploymentPostprocessing = 0;
		};
		EA77264E2BC5B6B3005A194D /* Frameworks */ = {
			isa = PBXFrameworksBuildPhase;
			buildActionMask = 2147483647;
			files = (
			);
			runOnlyForDeploymentPostprocessing = 0;
		};
		EA7726582BC5B6B3005A194D /* Frameworks */ = {
			isa = PBXFrameworksBuildPhase;
			buildActionMask = 2147483647;
			files = (
			);
			runOnlyForDeploymentPostprocessing = 0;
		};
/* End PBXFrameworksBuildPhase section */

/* Begin PBXGroup section */
		EA7726162BC5B6B2005A194D = {
			isa = PBXGroup;
			children = (
				EA77261B2BC5B6B2005A194D /* Shared (App) */,
				EA7726242BC5B6B3005A194D /* Shared (Extension) */,
				EA7726352BC5B6B3005A194D /* iOS (App) */,
				EA7726462BC5B6B3005A194D /* macOS (App) */,
				EA7726552BC5B6B3005A194D /* iOS (Extension) */,
				EA77265F2BC5B6B3005A194D /* macOS (Extension) */,
				EA7726342BC5B6B3005A194D /* Products */,
			);
			sourceTree = "<group>";
		};
		EA77261B2BC5B6B2005A194D /* Shared (App) */ = {
			isa = PBXGroup;
			children = (
				EA7726222BC5B6B2005A194D /* ViewController.swift */,
				EA7726232BC5B6B3005A194D /* Assets.xcassets */,
				EA77261C2BC5B6B2005A194D /* Resources */,
			);
			path = "Shared (App)";
			sourceTree = "<group>";
		};
		EA77261C2BC5B6B2005A194D /* Resources */ = {
			isa = PBXGroup;
			children = (
				EA77261D2BC5B6B2005A194D /* Main.html */,
				EA77261F2BC5B6B2005A194D /* Icon.png */,
				EA7726202BC5B6B2005A194D /* Style.css */,
				EA7726212BC5B6B2005A194D /* Script.js */,
			);
			path = Resources;
			sourceTree = "<group>";
		};
		EA7726242BC5B6B3005A194D /* Shared (Extension) */ = {
			isa = PBXGroup;
			children = (
				EA7726252BC5B6B3005A194D /* SafariWebExtensionHandler.swift */,
				EA7726262BC5B6B3005A194D /* Resources */,
			);
			path = "Shared (Extension)";
			sourceTree = "<group>";
		};
		EA7726262BC5B6B3005A194D /* Resources */ = {
			isa = PBXGroup;
			children = (
				EA7726272BC5B6B3005A194D /* _locales */,
				EA77262A2BC5B6B3005A194D /* background.js */,
				EA77262B2BC5B6B3005A194D /* content.js */,
				EA7726A52BC5B91C005A194D /* contentGPT.js */,
				EA7726A72BC5B91C005A194D /* contentLoadingGIF.js */,
				EA7726A82BC5B91C005A194D /* contentMarked.js */,
				EA7726A62BC5B91C005A194D /* contentReadability.js */,
				EA7726282BC5B6B3005A194D /* images */,
				EA7726292BC5B6B3005A194D /* manifest.json */,
				EA77262D2BC5B6B3005A194D /* popup.css */,
				EA77262C2BC5B6B3005A194D /* popup.html */,
				EA77262E2BC5B6B3005A194D /* popup.js */,
				EA77269C2BC5B71D005A194D /* readability.css */,
				EA77269A2BC5B71D005A194D /* settings.html */,
				EA77269B2BC5B71D005A194D /* settings.js */,
			);
			path = Resources;
			sourceTree = "<group>";
		};
		EA7726342BC5B6B3005A194D /* Products */ = {
			isa = PBXGroup;
			children = (
				EA7726332BC5B6B3005A194D /* eisonAI.app */,
				EA7726452BC5B6B3005A194D /* eisonAI.app */,
				EA7726512BC5B6B3005A194D /* eisonAI Extension.appex */,
				EA77265B2BC5B6B3005A194D /* eisonAI Extension.appex */,
			);
			name = Products;
			sourceTree = "<group>";
		};
		EA7726352BC5B6B3005A194D /* iOS (App) */ = {
			isa = PBXGroup;
			children = (
				EA7726362BC5B6B3005A194D /* AppDelegate.swift */,
				EA7726382BC5B6B3005A194D /* SceneDelegate.swift */,
				EA77263A2BC5B6B3005A194D /* LaunchScreen.storyboard */,
				EA77263D2BC5B6B3005A194D /* Main.storyboard */,
				EA7726402BC5B6B3005A194D /* Info.plist */,
			);
			path = "iOS (App)";
			sourceTree = "<group>";
		};
		EA7726462BC5B6B3005A194D /* macOS (App) */ = {
			isa = PBXGroup;
			children = (
				EA7726472BC5B6B3005A194D /* AppDelegate.swift */,
				EA7726492BC5B6B3005A194D /* Main.storyboard */,
				EA77264C2BC5B6B3005A194D /* eisonAI.entitlements */,
			);
			path = "macOS (App)";
			sourceTree = "<group>";
		};
		EA7726552BC5B6B3005A194D /* iOS (Extension) */ = {
			isa = PBXGroup;
			children = (
				EA7726562BC5B6B3005A194D /* Info.plist */,
			);
			path = "iOS (Extension)";
			sourceTree = "<group>";
		};
		EA77265F2BC5B6B3005A194D /* macOS (Extension) */ = {
			isa = PBXGroup;
			children = (
				EA7726602BC5B6B3005A194D /* Info.plist */,
				EA7726612BC5B6B3005A194D /* eisonAI.entitlements */,
			);
			path = "macOS (Extension)";
			sourceTree = "<group>";
		};
/* End PBXGroup section */

/* Begin PBXNativeTarget section */
		EA7726322BC5B6B3005A194D /* eisonAI (iOS) */ = {
			isa = PBXNativeTarget;
			buildConfigurationList = EA7726862BC5B6B3005A194D /* Build configuration list for PBXNativeTarget "eisonAI (iOS)" */;
			buildPhases = (
				EA77262F2BC5B6B3005A194D /* Sources */,
				EA7726302BC5B6B3005A194D /* Frameworks */,
				EA7726312BC5B6B3005A194D /* Resources */,
				EA7726852BC5B6B3005A194D /* Embed Foundation Extensions */,
			);
			buildRules = (
			);
			dependencies = (
				EA7726542BC5B6B3005A194D /* PBXTargetDependency */,
			);
			name = "eisonAI (iOS)";
			productName = "eisonAI (iOS)";
			productReference = EA7726332BC5B6B3005A194D /* eisonAI.app */;
			productType = "com.apple.product-type.application";
		};
		EA7726442BC5B6B3005A194D /* eisonAI (macOS) */ = {
			isa = PBXNativeTarget;
			buildConfigurationList = EA77268D2BC5B6B3005A194D /* Build configuration list for PBXNativeTarget "eisonAI (macOS)" */;
			buildPhases = (
				EA7726412BC5B6B3005A194D /* Sources */,
				EA7726422BC5B6B3005A194D /* Frameworks */,
				EA7726432BC5B6B3005A194D /* Resources */,
				EA77268C2BC5B6B3005A194D /* Embed Foundation Extensions */,
			);
			buildRules = (
			);
			dependencies = (
				EA77265E2BC5B6B3005A194D /* PBXTargetDependency */,
			);
			name = "eisonAI (macOS)";
			productName = "eisonAI (macOS)";
			productReference = EA7726452BC5B6B3005A194D /* eisonAI.app */;
			productType = "com.apple.product-type.application";
		};
		EA7726502BC5B6B3005A194D /* eisonAI Extension (iOS) */ = {
			isa = PBXNativeTarget;
			buildConfigurationList = EA7726822BC5B6B3005A194D /* Build configuration list for PBXNativeTarget "eisonAI Extension (iOS)" */;
			buildPhases = (
				EA77264D2BC5B6B3005A194D /* Sources */,
				EA77264E2BC5B6B3005A194D /* Frameworks */,
				EA77264F2BC5B6B3005A194D /* Resources */,
			);
			buildRules = (
			);
			dependencies = (
			);
			name = "eisonAI Extension (iOS)";
			productName = "eisonAI Extension (iOS)";
			productReference = EA7726512BC5B6B3005A194D /* eisonAI Extension.appex */;
			productType = "com.apple.product-type.app-extension";
		};
		EA77265A2BC5B6B3005A194D /* eisonAI Extension (macOS) */ = {
			isa = PBXNativeTarget;
			buildConfigurationList = EA7726892BC5B6B3005A194D /* Build configuration list for PBXNativeTarget "eisonAI Extension (macOS)" */;
			buildPhases = (
				EA7726572BC5B6B3005A194D /* Sources */,
				EA7726582BC5B6B3005A194D /* Frameworks */,
				EA7726592BC5B6B3005A194D /* Resources */,
			);
			buildRules = (
			);
			dependencies = (
			);
			name = "eisonAI Extension (macOS)";
			productName = "eisonAI Extension (macOS)";
			productReference = EA77265B2BC5B6B3005A194D /* eisonAI Extension.appex */;
			productType = "com.apple.product-type.app-extension";
		};
/* End PBXNativeTarget section */

/* Begin PBXProject section */
		EA7726172BC5B6B2005A194D /* Project object */ = {
			isa = PBXProject;
			attributes = {
				BuildIndependentTargetsInParallel = 1;
				LastSwiftUpdateCheck = 1530;
				LastUpgradeCheck = 1530;
				TargetAttributes = {
					EA7726322BC5B6B3005A194D = {
						CreatedOnToolsVersion = 15.3;
					};
					EA7726442BC5B6B3005A194D = {
						CreatedOnToolsVersion = 15.3;
					};
					EA7726502BC5B6B3005A194D = {
						CreatedOnToolsVersion = 15.3;
					};
					EA77265A2BC5B6B3005A194D = {
						CreatedOnToolsVersion = 15.3;
					};
				};
			};
			buildConfigurationList = EA77261A2BC5B6B2005A194D /* Build configuration list for PBXProject "eisonAI" */;
			compatibilityVersion = "Xcode 14.0";
			developmentRegion = en;
			hasScannedForEncodings = 0;
			knownRegions = (
				en,
				Base,
			);
			mainGroup = EA7726162BC5B6B2005A194D;
			productRefGroup = EA7726342BC5B6B3005A194D /* Products */;
			projectDirPath = "";
			projectRoot = "";
			targets = (
				EA7726322BC5B6B3005A194D /* eisonAI (iOS) */,
				EA7726442BC5B6B3005A194D /* eisonAI (macOS) */,
				EA7726502BC5B6B3005A194D /* eisonAI Extension (iOS) */,
				EA77265A2BC5B6B3005A194D /* eisonAI Extension (macOS) */,
			);
		};
/* End PBXProject section */

/* Begin PBXResourcesBuildPhase section */
		EA7726312BC5B6B3005A194D /* Resources */ = {
			isa = PBXResourcesBuildPhase;
			buildActionMask = 2147483647;
			files = (
				EA7726642BC5B6B3005A194D /* Icon.png in Resources */,
				EA77263C2BC5B6B3005A194D /* Base in Resources */,
				EA7726622BC5B6B3005A194D /* Base in Resources */,
				EA7726682BC5B6B3005A194D /* Script.js in Resources */,
				EA77266C2BC5B6B3005A194D /* Assets.xcassets in Resources */,
				EA77263F2BC5B6B3005A194D /* Base in Resources */,
				EA7726662BC5B6B3005A194D /* Style.css in Resources */,
			);
			runOnlyForDeploymentPostprocessing = 0;
		};
		EA7726432BC5B6B3005A194D /* Resources */ = {
			isa = PBXResourcesBuildPhase;
			buildActionMask = 2147483647;
			files = (
				EA7726652BC5B6B3005A194D /* Icon.png in Resources */,
				EA7726672BC5B6B3005A194D /* Style.css in Resources */,
				EA77264B2BC5B6B3005A194D /* Base in Resources */,
				EA7726692BC5B6B3005A194D /* Script.js in Resources */,
				EA77266D2BC5B6B3005A194D /* Assets.xcassets in Resources */,
				EA7726632BC5B6B3005A194D /* Base in Resources */,
			);
			runOnlyForDeploymentPostprocessing = 0;
		};
		EA77264F2BC5B6B3005A194D /* Resources */ = {
			isa = PBXResourcesBuildPhase;
			buildActionMask = 2147483647;
			files = (
				EA7726AB2BC5B91D005A194D /* contentReadability.js in Resources */,
				EA77269F2BC5B71D005A194D /* settings.html in Resources */,
				EA7726762BC5B6B3005A194D /* background.js in Resources */,
				EA7726A32BC5B71D005A194D /* readability.css in Resources */,
				EA7726AD2BC5B91D005A194D /* contentLoadingGIF.js in Resources */,
				EA77267C2BC5B6B3005A194D /* popup.css in Resources */,
				EA77267A2BC5B6B3005A194D /* popup.html in Resources */,
				EA7726722BC5B6B3005A194D /* images in Resources */,
				EA7726A92BC5B91D005A194D /* contentGPT.js in Resources */,
				EA7726742BC5B6B3005A194D /* manifest.json in Resources */,
				EA7726702BC5B6B3005A194D /* _locales in Resources */,
				EA7726782BC5B6B3005A194D /* content.js in Resources */,
				EA77267E2BC5B6B3005A194D /* popup.js in Resources */,
				EA7726A12BC5B71D005A194D /* settings.js in Resources */,
				EA7726AF2BC5B91D005A194D /* contentMarked.js in Resources */,
			);
			runOnlyForDeploymentPostprocessing = 0;
		};
		EA7726592BC5B6B3005A194D /* Resources */ = {
			isa = PBXResourcesBuildPhase;
			buildActionMask = 2147483647;
			files = (
				EA7726AC2BC5B91D005A194D /* contentReadability.js in Resources */,
				EA7726A02BC5B71D005A194D /* settings.html in Resources */,
				EA7726772BC5B6B3005A194D /* background.js in Resources */,
				EA7726A42BC5B71D005A194D /* readability.css in Resources */,
				EA7726AE2BC5B91D005A194D /* contentLoadingGIF.js in Resources */,
				EA77267D2BC5B6B3005A194D /* popup.css in Resources */,
				EA77267B2BC5B6B3005A194D /* popup.html in Resources */,
				EA7726732BC5B6B3005A194D /* images in Resources */,
				EA7726AA2BC5B91D005A194D /* contentGPT.js in Resources */,
				EA7726752BC5B6B3005A194D /* manifest.json in Resources */,
				EA7726712BC5B6B3005A194D /* _locales in Resources */,
				EA7726792BC5B6B3005A194D /* content.js in Resources */,
				EA77267F2BC5B6B3005A194D /* popup.js in Resources */,
				EA7726A22BC5B71D005A194D /* settings.js in Resources */,
				EA7726B02BC5B91D005A194D /* contentMarked.js in Resources */,
			);
			runOnlyForDeploymentPostprocessing = 0;
		};
/* End PBXResourcesBuildPhase section */

/* Begin PBXSourcesBuildPhase section */
		EA77262F2BC5B6B3005A194D /* Sources */ = {
			isa = PBXSourcesBuildPhase;
			buildActionMask = 2147483647;
			files = (
				EA77266A2BC5B6B3005A194D /* ViewController.swift in Sources */,
				EA7726372BC5B6B3005A194D /* AppDelegate.swift in Sources */,
				EA7726392BC5B6B3005A194D /* SceneDelegate.swift in Sources */,
			);
			runOnlyForDeploymentPostprocessing = 0;
		};
		EA7726412BC5B6B3005A194D /* Sources */ = {
			isa = PBXSourcesBuildPhase;
			buildActionMask = 2147483647;
			files = (
				EA77266B2BC5B6B3005A194D /* ViewController.swift in Sources */,
				EA7726482BC5B6B3005A194D /* AppDelegate.swift in Sources */,
			);
			runOnlyForDeploymentPostprocessing = 0;
		};
		EA77264D2BC5B6B3005A194D /* Sources */ = {
			isa = PBXSourcesBuildPhase;
			buildActionMask = 2147483647;
			files = (
				EA77266E2BC5B6B3005A194D /* SafariWebExtensionHandler.swift in Sources */,
			);
			runOnlyForDeploymentPostprocessing = 0;
		};
		EA7726572BC5B6B3005A194D /* Sources */ = {
			isa = PBXSourcesBuildPhase;
			buildActionMask = 2147483647;
			files = (
				EA77266F2BC5B6B3005A194D /* SafariWebExtensionHandler.swift in Sources */,
			);
			runOnlyForDeploymentPostprocessing = 0;
		};
/* End PBXSourcesBuildPhase section */

/* Begin PBXTargetDependency section */
		EA7726542BC5B6B3005A194D /* PBXTargetDependency */ = {
			isa = PBXTargetDependency;
			target = EA7726502BC5B6B3005A194D /* eisonAI Extension (iOS) */;
			targetProxy = EA7726532BC5B6B3005A194D /* PBXContainerItemProxy */;
		};
		EA77265E2BC5B6B3005A194D /* PBXTargetDependency */ = {
			isa = PBXTargetDependency;
			target = EA77265A2BC5B6B3005A194D /* eisonAI Extension (macOS) */;
			targetProxy = EA77265D2BC5B6B3005A194D /* PBXContainerItemProxy */;
		};
/* End PBXTargetDependency section */

/* Begin PBXVariantGroup section */
		EA77261D2BC5B6B2005A194D /* Main.html */ = {
			isa = PBXVariantGroup;
			children = (
				EA77261E2BC5B6B2005A194D /* Base */,
			);
			name = Main.html;
			sourceTree = "<group>";
		};
		EA77263A2BC5B6B3005A194D /* LaunchScreen.storyboard */ = {
			isa = PBXVariantGroup;
			children = (
				EA77263B2BC5B6B3005A194D /* Base */,
			);
			name = LaunchScreen.storyboard;
			sourceTree = "<group>";
		};
		EA77263D2BC5B6B3005A194D /* Main.storyboard */ = {
			isa = PBXVariantGroup;
			children = (
				EA77263E2BC5B6B3005A194D /* Base */,
			);
			name = Main.storyboard;
			sourceTree = "<group>";
		};
		EA7726492BC5B6B3005A194D /* Main.storyboard */ = {
			isa = PBXVariantGroup;
			children = (
				EA77264A2BC5B6B3005A194D /* Base */,
			);
			name = Main.storyboard;
			sourceTree = "<group>";
		};
/* End PBXVariantGroup section */

/* Begin XCBuildConfiguration section */
		EA7726802BC5B6B3005A194D /* Debug */ = {
			isa = XCBuildConfiguration;
			buildSettings = {
				ALWAYS_SEARCH_USER_PATHS = NO;
				ASSETCATALOG_COMPILER_GENERATE_SWIFT_ASSET_SYMBOL_EXTENSIONS = YES;
				CLANG_ANALYZER_NONNULL = YES;
				CLANG_ANALYZER_NUMBER_OBJECT_CONVERSION = YES_AGGRESSIVE;
				CLANG_CXX_LANGUAGE_STANDARD = "gnu++20";
				CLANG_ENABLE_MODULES = YES;
				CLANG_ENABLE_OBJC_ARC = YES;
				CLANG_ENABLE_OBJC_WEAK = YES;
				CLANG_WARN_BLOCK_CAPTURE_AUTORELEASING = YES;
				CLANG_WARN_BOOL_CONVERSION = YES;
				CLANG_WARN_COMMA = YES;
				CLANG_WARN_CONSTANT_CONVERSION = YES;
				CLANG_WARN_DEPRECATED_OBJC_IMPLEMENTATIONS = YES;
				CLANG_WARN_DIRECT_OBJC_ISA_USAGE = YES_ERROR;
				CLANG_WARN_DOCUMENTATION_COMMENTS = YES;
				CLANG_WARN_EMPTY_BODY = YES;
				CLANG_WARN_ENUM_CONVERSION = YES;
				CLANG_WARN_INFINITE_RECURSION = YES;
				CLANG_WARN_INT_CONVERSION = YES;
				CLANG_WARN_NON_LITERAL_NULL_CONVERSION = YES;
				CLANG_WARN_OBJC_IMPLICIT_RETAIN_SELF = YES;
				CLANG_WARN_OBJC_LITERAL_CONVERSION = YES;
				CLANG_WARN_OBJC_ROOT_CLASS = YES_ERROR;
				CLANG_WARN_QUOTED_INCLUDE_IN_FRAMEWORK_HEADER = YES;
				CLANG_WARN_RANGE_LOOP_ANALYSIS = YES;
				CLANG_WARN_STRICT_PROTOTYPES = YES;
				CLANG_WARN_SUSPICIOUS_MOVE = YES;
				CLANG_WARN_UNGUARDED_AVAILABILITY = YES_AGGRESSIVE;
				CLANG_WARN_UNREACHABLE_CODE = YES;
				CLANG_WARN__DUPLICATE_METHOD_MATCH = YES;
				COPY_PHASE_STRIP = NO;
				DEBUG_INFORMATION_FORMAT = dwarf;
				ENABLE_STRICT_OBJC_MSGSEND = YES;
				ENABLE_TESTABILITY = YES;
				ENABLE_USER_SCRIPT_SANDBOXING = YES;
				GCC_C_LANGUAGE_STANDARD = gnu17;
				GCC_DYNAMIC_NO_PIC = NO;
				GCC_NO_COMMON_BLOCKS = YES;
				GCC_OPTIMIZATION_LEVEL = 0;
				GCC_PREPROCESSOR_DEFINITIONS = (
					"DEBUG=1",
					"$(inherited)",
				);
				GCC_WARN_64_TO_32_BIT_CONVERSION = YES;
				GCC_WARN_ABOUT_RETURN_TYPE = YES_ERROR;
				GCC_WARN_UNDECLARED_SELECTOR = YES;
				GCC_WARN_UNINITIALIZED_AUTOS = YES_AGGRESSIVE;
				GCC_WARN_UNUSED_FUNCTION = YES;
				GCC_WARN_UNUSED_VARIABLE = YES;
				LOCALIZATION_PREFERS_STRING_CATALOGS = YES;
				MTL_ENABLE_DEBUG_INFO = INCLUDE_SOURCE;
				MTL_FAST_MATH = YES;
				ONLY_ACTIVE_ARCH = YES;
				SWIFT_ACTIVE_COMPILATION_CONDITIONS = "DEBUG $(inherited)";
				SWIFT_OPTIMIZATION_LEVEL = "-Onone";
			};
			name = Debug;
		};
		EA7726812BC5B6B3005A194D /* Release */ = {
			isa = XCBuildConfiguration;
			buildSettings = {
				ALWAYS_SEARCH_USER_PATHS = NO;
				ASSETCATALOG_COMPILER_GENERATE_SWIFT_ASSET_SYMBOL_EXTENSIONS = YES;
				CLANG_ANALYZER_NONNULL = YES;
				CLANG_ANALYZER_NUMBER_OBJECT_CONVERSION = YES_AGGRESSIVE;
				CLANG_CXX_LANGUAGE_STANDARD = "gnu++20";
				CLANG_ENABLE_MODULES = YES;
				CLANG_ENABLE_OBJC_ARC = YES;
				CLANG_ENABLE_OBJC_WEAK = YES;
				CLANG_WARN_BLOCK_CAPTURE_AUTORELEASING = YES;
				CLANG_WARN_BOOL_CONVERSION = YES;
				CLANG_WARN_COMMA = YES;
				CLANG_WARN_CONSTANT_CONVERSION = YES;
				CLANG_WARN_DEPRECATED_OBJC_IMPLEMENTATIONS = YES;
				CLANG_WARN_DIRECT_OBJC_ISA_USAGE = YES_ERROR;
				CLANG_WARN_DOCUMENTATION_COMMENTS = YES;
				CLANG_WARN_EMPTY_BODY = YES;
				CLANG_WARN_ENUM_CONVERSION = YES;
				CLANG_WARN_INFINITE_RECURSION = YES;
				CLANG_WARN_INT_CONVERSION = YES;
				CLANG_WARN_NON_LITERAL_NULL_CONVERSION = YES;
				CLANG_WARN_OBJC_IMPLICIT_RETAIN_SELF = YES;
				CLANG_WARN_OBJC_LITERAL_CONVERSION = YES;
				CLANG_WARN_OBJC_ROOT_CLASS = YES_ERROR;
				CLANG_WARN_QUOTED_INCLUDE_IN_FRAMEWORK_HEADER = YES;
				CLANG_WARN_RANGE_LOOP_ANALYSIS = YES;
				CLANG_WARN_STRICT_PROTOTYPES = YES;
				CLANG_WARN_SUSPICIOUS_MOVE = YES;
				CLANG_WARN_UNGUARDED_AVAILABILITY = YES_AGGRESSIVE;
				CLANG_WARN_UNREACHABLE_CODE = YES;
				CLANG_WARN__DUPLICATE_METHOD_MATCH = YES;
				COPY_PHASE_STRIP = NO;
				DEBUG_INFORMATION_FORMAT = "dwarf-with-dsym";
				ENABLE_NS_ASSERTIONS = NO;
				ENABLE_STRICT_OBJC_MSGSEND = YES;
				ENABLE_USER_SCRIPT_SANDBOXING = YES;
				GCC_C_LANGUAGE_STANDARD = gnu17;
				GCC_NO_COMMON_BLOCKS = YES;
				GCC_WARN_64_TO_32_BIT_CONVERSION = YES;
				GCC_WARN_ABOUT_RETURN_TYPE = YES_ERROR;
				GCC_WARN_UNDECLARED_SELECTOR = YES;
				GCC_WARN_UNINITIALIZED_AUTOS = YES_AGGRESSIVE;
				GCC_WARN_UNUSED_FUNCTION = YES;
				GCC_WARN_UNUSED_VARIABLE = YES;
				LOCALIZATION_PREFERS_STRING_CATALOGS = YES;
				MTL_ENABLE_DEBUG_INFO = NO;
				MTL_FAST_MATH = YES;
				SWIFT_COMPILATION_MODE = wholemodule;
			};
			name = Release;
		};
		EA7726832BC5B6B3005A194D /* Debug */ = {
			isa = XCBuildConfiguration;
			buildSettings = {
				CODE_SIGN_STYLE = Automatic;
				CURRENT_PROJECT_VERSION = 1;
				DEVELOPMENT_TEAM = WQY45CL427;
				GENERATE_INFOPLIST_FILE = YES;
				INFOPLIST_FILE = "iOS (Extension)/Info.plist";
				INFOPLIST_KEY_CFBundleDisplayName = "eisonAI Extension";
				INFOPLIST_KEY_NSHumanReadableCopyright = "";
				IPHONEOS_DEPLOYMENT_TARGET = 15.0;
				LD_RUNPATH_SEARCH_PATHS = (
					"$(inherited)",
					"@executable_path/Frameworks",
					"@executable_path/../../Frameworks",
				);
				MARKETING_VERSION = 1.0;
				OTHER_LDFLAGS = (
					"-framework",
					SafariServices,
				);
				PRODUCT_BUNDLE_IDENTIFIER = com.qoli.eisonAI.Extension;
				PRODUCT_NAME = "eisonAI Extension";
				SDKROOT = iphoneos;
				SKIP_INSTALL = YES;
				SWIFT_EMIT_LOC_STRINGS = YES;
				SWIFT_VERSION = 5.0;
				TARGETED_DEVICE_FAMILY = "1,2";
			};
			name = Debug;
		};
		EA7726842BC5B6B3005A194D /* Release */ = {
			isa = XCBuildConfiguration;
			buildSettings = {
				CODE_SIGN_STYLE = Automatic;
				CURRENT_PROJECT_VERSION = 1;
				DEVELOPMENT_TEAM = WQY45CL427;
				GENERATE_INFOPLIST_FILE = YES;
				INFOPLIST_FILE = "iOS (Extension)/Info.plist";
				INFOPLIST_KEY_CFBundleDisplayName = "eisonAI Extension";
				INFOPLIST_KEY_NSHumanReadableCopyright = "";
				IPHONEOS_DEPLOYMENT_TARGET = 15.0;
				LD_RUNPATH_SEARCH_PATHS = (
					"$(inherited)",
					"@executable_path/Frameworks",
					"@executable_path/../../Frameworks",
				);
				MARKETING_VERSION = 1.0;
				OTHER_LDFLAGS = (
					"-framework",
					SafariServices,
				);
				PRODUCT_BUNDLE_IDENTIFIER = com.qoli.eisonAI.Extension;
				PRODUCT_NAME = "eisonAI Extension";
				SDKROOT = iphoneos;
				SKIP_INSTALL = YES;
				SWIFT_EMIT_LOC_STRINGS = YES;
				SWIFT_VERSION = 5.0;
				TARGETED_DEVICE_FAMILY = "1,2";
				VALIDATE_PRODUCT = YES;
			};
			name = Release;
		};
		EA7726872BC5B6B3005A194D /* Debug */ = {
			isa = XCBuildConfiguration;
			buildSettings = {
				ALWAYS_EMBED_SWIFT_STANDARD_LIBRARIES = YES;
				ASSETCATALOG_COMPILER_APPICON_NAME = AppIcon;
				ASSETCATALOG_COMPILER_GLOBAL_ACCENT_COLOR_NAME = AccentColor;
				CODE_SIGN_STYLE = Automatic;
				CURRENT_PROJECT_VERSION = 1;
				DEVELOPMENT_TEAM = WQY45CL427;
				GENERATE_INFOPLIST_FILE = YES;
				INFOPLIST_FILE = "iOS (App)/Info.plist";
				INFOPLIST_KEY_CFBundleDisplayName = eisonAI;
				INFOPLIST_KEY_UIApplicationSupportsIndirectInputEvents = YES;
				INFOPLIST_KEY_UILaunchStoryboardName = LaunchScreen;
				INFOPLIST_KEY_UIMainStoryboardFile = Main;
				INFOPLIST_KEY_UISupportedInterfaceOrientations = "UIInterfaceOrientationPortrait UIInterfaceOrientationLandscapeLeft UIInterfaceOrientationLandscapeRight";
				INFOPLIST_KEY_UISupportedInterfaceOrientations_iPad = "UIInterfaceOrientationPortrait UIInterfaceOrientationPortraitUpsideDown UIInterfaceOrientationLandscapeLeft UIInterfaceOrientationLandscapeRight";
				IPHONEOS_DEPLOYMENT_TARGET = 15.0;
				LD_RUNPATH_SEARCH_PATHS = (
					"$(inherited)",
					"@executable_path/Frameworks",
				);
				MARKETING_VERSION = 1.0;
				OTHER_LDFLAGS = (
					"-framework",
					SafariServices,
					"-framework",
					WebKit,
				);
				PRODUCT_BUNDLE_IDENTIFIER = com.qoli.eisonAI;
				PRODUCT_NAME = eisonAI;
				SDKROOT = iphoneos;
				SWIFT_EMIT_LOC_STRINGS = YES;
				SWIFT_VERSION = 5.0;
				TARGETED_DEVICE_FAMILY = "1,2";
			};
			name = Debug;
		};
		EA7726882BC5B6B3005A194D /* Release */ = {
			isa = XCBuildConfiguration;
			buildSettings = {
				ALWAYS_EMBED_SWIFT_STANDARD_LIBRARIES = YES;
				ASSETCATALOG_COMPILER_APPICON_NAME = AppIcon;
				ASSETCATALOG_COMPILER_GLOBAL_ACCENT_COLOR_NAME = AccentColor;
				CODE_SIGN_STYLE = Automatic;
				CURRENT_PROJECT_VERSION = 1;
				DEVELOPMENT_TEAM = WQY45CL427;
				GENERATE_INFOPLIST_FILE = YES;
				INFOPLIST_FILE = "iOS (App)/Info.plist";
				INFOPLIST_KEY_CFBundleDisplayName = eisonAI;
				INFOPLIST_KEY_UIApplicationSupportsIndirectInputEvents = YES;
				INFOPLIST_KEY_UILaunchStoryboardName = LaunchScreen;
				INFOPLIST_KEY_UIMainStoryboardFile = Main;
				INFOPLIST_KEY_UISupportedInterfaceOrientations = "UIInterfaceOrientationPortrait UIInterfaceOrientationLandscapeLeft UIInterfaceOrientationLandscapeRight";
				INFOPLIST_KEY_UISupportedInterfaceOrientations_iPad = "UIInterfaceOrientationPortrait UIInterfaceOrientationPortraitUpsideDown UIInterfaceOrientationLandscapeLeft UIInterfaceOrientationLandscapeRight";
				IPHONEOS_DEPLOYMENT_TARGET = 15.0;
				LD_RUNPATH_SEARCH_PATHS = (
					"$(inherited)",
					"@executable_path/Frameworks",
				);
				MARKETING_VERSION = 1.0;
				OTHER_LDFLAGS = (
					"-framework",
					SafariServices,
					"-framework",
					WebKit,
				);
				PRODUCT_BUNDLE_IDENTIFIER = com.qoli.eisonAI;
				PRODUCT_NAME = eisonAI;
				SDKROOT = iphoneos;
				SWIFT_EMIT_LOC_STRINGS = YES;
				SWIFT_VERSION = 5.0;
				TARGETED_DEVICE_FAMILY = "1,2";
				VALIDATE_PRODUCT = YES;
			};
			name = Release;
		};
		EA77268A2BC5B6B3005A194D /* Debug */ = {
			isa = XCBuildConfiguration;
			buildSettings = {
				CODE_SIGN_ENTITLEMENTS = "macOS (Extension)/eisonAI.entitlements";
				CODE_SIGN_STYLE = Automatic;
				CURRENT_PROJECT_VERSION = 1;
				DEVELOPMENT_TEAM = WQY45CL427;
				ENABLE_HARDENED_RUNTIME = YES;
				GENERATE_INFOPLIST_FILE = YES;
				INFOPLIST_FILE = "macOS (Extension)/Info.plist";
				INFOPLIST_KEY_CFBundleDisplayName = "eisonAI Extension";
				INFOPLIST_KEY_NSHumanReadableCopyright = "";
				LD_RUNPATH_SEARCH_PATHS = (
					"$(inherited)",
					"@executable_path/../Frameworks",
					"@executable_path/../../../../Frameworks",
				);
				MACOSX_DEPLOYMENT_TARGET = 10.14;
				MARKETING_VERSION = 1.0;
				OTHER_LDFLAGS = (
					"-framework",
					SafariServices,
				);
				PRODUCT_BUNDLE_IDENTIFIER = com.qoli.eisonAI.Extension;
				PRODUCT_NAME = "eisonAI Extension";
				SDKROOT = macosx;
				SKIP_INSTALL = YES;
				SWIFT_EMIT_LOC_STRINGS = YES;
				SWIFT_VERSION = 5.0;
			};
			name = Debug;
		};
		EA77268B2BC5B6B3005A194D /* Release */ = {
			isa = XCBuildConfiguration;
			buildSettings = {
				CODE_SIGN_ENTITLEMENTS = "macOS (Extension)/eisonAI.entitlements";
				CODE_SIGN_STYLE = Automatic;
				CURRENT_PROJECT_VERSION = 1;
				DEVELOPMENT_TEAM = WQY45CL427;
				ENABLE_HARDENED_RUNTIME = YES;
				GENERATE_INFOPLIST_FILE = YES;
				INFOPLIST_FILE = "macOS (Extension)/Info.plist";
				INFOPLIST_KEY_CFBundleDisplayName = "eisonAI Extension";
				INFOPLIST_KEY_NSHumanReadableCopyright = "";
				LD_RUNPATH_SEARCH_PATHS = (
					"$(inherited)",
					"@executable_path/../Frameworks",
					"@executable_path/../../../../Frameworks",
				);
				MACOSX_DEPLOYMENT_TARGET = 10.14;
				MARKETING_VERSION = 1.0;
				OTHER_LDFLAGS = (
					"-framework",
					SafariServices,
				);
				PRODUCT_BUNDLE_IDENTIFIER = com.qoli.eisonAI.Extension;
				PRODUCT_NAME = "eisonAI Extension";
				SDKROOT = macosx;
				SKIP_INSTALL = YES;
				SWIFT_EMIT_LOC_STRINGS = YES;
				SWIFT_VERSION = 5.0;
			};
			name = Release;
		};
		EA77268E2BC5B6B3005A194D /* Debug */ = {
			isa = XCBuildConfiguration;
			buildSettings = {
				ALWAYS_EMBED_SWIFT_STANDARD_LIBRARIES = YES;
				ASSETCATALOG_COMPILER_APPICON_NAME = AppIcon;
				ASSETCATALOG_COMPILER_GLOBAL_ACCENT_COLOR_NAME = AccentColor;
				CODE_SIGN_ENTITLEMENTS = "macOS (App)/eisonAI.entitlements";
				CODE_SIGN_STYLE = Automatic;
				CURRENT_PROJECT_VERSION = 1;
				DEVELOPMENT_TEAM = WQY45CL427;
				ENABLE_HARDENED_RUNTIME = YES;
				GENERATE_INFOPLIST_FILE = YES;
				INFOPLIST_KEY_CFBundleDisplayName = eisonAI;
				INFOPLIST_KEY_NSMainStoryboardFile = Main;
				INFOPLIST_KEY_NSPrincipalClass = NSApplication;
				LD_RUNPATH_SEARCH_PATHS = (
					"$(inherited)",
					"@executable_path/../Frameworks",
				);
				MACOSX_DEPLOYMENT_TARGET = 10.14;
				MARKETING_VERSION = 1.0;
				OTHER_LDFLAGS = (
					"-framework",
					SafariServices,
					"-framework",
					WebKit,
				);
				PRODUCT_BUNDLE_IDENTIFIER = com.qoli.eisonAI;
				PRODUCT_NAME = eisonAI;
				SDKROOT = macosx;
				SWIFT_EMIT_LOC_STRINGS = YES;
				SWIFT_VERSION = 5.0;
			};
			name = Debug;
		};
		EA77268F2BC5B6B3005A194D /* Release */ = {
			isa = XCBuildConfiguration;
			buildSettings = {
				ALWAYS_EMBED_SWIFT_STANDARD_LIBRARIES = YES;
				ASSETCATALOG_COMPILER_APPICON_NAME = AppIcon;
				ASSETCATALOG_COMPILER_GLOBAL_ACCENT_COLOR_NAME = AccentColor;
				CODE_SIGN_ENTITLEMENTS = "macOS (App)/eisonAI.entitlements";
				CODE_SIGN_STYLE = Automatic;
				CURRENT_PROJECT_VERSION = 1;
				DEVELOPMENT_TEAM = WQY45CL427;
				ENABLE_HARDENED_RUNTIME = YES;
				GENERATE_INFOPLIST_FILE = YES;
				INFOPLIST_KEY_CFBundleDisplayName = eisonAI;
				INFOPLIST_KEY_NSMainStoryboardFile = Main;
				INFOPLIST_KEY_NSPrincipalClass = NSApplication;
				LD_RUNPATH_SEARCH_PATHS = (
					"$(inherited)",
					"@executable_path/../Frameworks",
				);
				MACOSX_DEPLOYMENT_TARGET = 10.14;
				MARKETING_VERSION = 1.0;
				OTHER_LDFLAGS = (
					"-framework",
					SafariServices,
					"-framework",
					WebKit,
				);
				PRODUCT_BUNDLE_IDENTIFIER = com.qoli.eisonAI;
				PRODUCT_NAME = eisonAI;
				SDKROOT = macosx;
				SWIFT_EMIT_LOC_STRINGS = YES;
				SWIFT_VERSION = 5.0;
			};
			name = Release;
		};
/* End XCBuildConfiguration section */

/* Begin XCConfigurationList section */
		EA77261A2BC5B6B2005A194D /* Build configuration list for PBXProject "eisonAI" */ = {
			isa = XCConfigurationList;
			buildConfigurations = (
				EA7726802BC5B6B3005A194D /* Debug */,
				EA7726812BC5B6B3005A194D /* Release */,
			);
			defaultConfigurationIsVisible = 0;
			defaultConfigurationName = Release;
		};
		EA7726822BC5B6B3005A194D /* Build configuration list for PBXNativeTarget "eisonAI Extension (iOS)" */ = {
			isa = XCConfigurationList;
			buildConfigurations = (
				EA7726832BC5B6B3005A194D /* Debug */,
				EA7726842BC5B6B3005A194D /* Release */,
			);
			defaultConfigurationIsVisible = 0;
			defaultConfigurationName = Release;
		};
		EA7726862BC5B6B3005A194D /* Build configuration list for PBXNativeTarget "eisonAI (iOS)" */ = {
			isa = XCConfigurationList;
			buildConfigurations = (
				EA7726872BC5B6B3005A194D /* Debug */,
				EA7726882BC5B6B3005A194D /* Release */,
			);
			defaultConfigurationIsVisible = 0;
			defaultConfigurationName = Release;
		};
		EA7726892BC5B6B3005A194D /* Build configuration list for PBXNativeTarget "eisonAI Extension (macOS)" */ = {
			isa = XCConfigurationList;
			buildConfigurations = (
				EA77268A2BC5B6B3005A194D /* Debug */,
				EA77268B2BC5B6B3005A194D /* Release */,
			);
			defaultConfigurationIsVisible = 0;
			defaultConfigurationName = Release;
		};
		EA77268D2BC5B6B3005A194D /* Build configuration list for PBXNativeTarget "eisonAI (macOS)" */ = {
			isa = XCConfigurationList;
			buildConfigurations = (
				EA77268E2BC5B6B3005A194D /* Debug */,
				EA77268F2BC5B6B3005A194D /* Release */,
			);
			defaultConfigurationIsVisible = 0;
			defaultConfigurationName = Release;
		};
/* End XCConfigurationList section */
	};
	rootObject = EA7726172BC5B6B2005A194D /* Project object */;
}
